
Microsoft Visual Studio Solution File, Format Version 12.00
# Visual Studio 15
VisualStudioVersion = 15.0.26730.16
MinimumVisualStudioVersion = 10.0.40219.1
Project("{FAE04EC0-301F-11D3-BF4B-00C04F79EFBC}") = "Sesamit17", "Sesamit17\Sesamit17.csproj", "{EA7CB9D7-98BF-4354-BE23-DA6246FECFA6}"
EndProject
Global
	GlobalSection(SolutionConfigurationPlatforms) = preSolution
		Debug|Any CPU = Debug|Any CPU
		Release|Any CPU = Release|Any CPU
	EndGlobalSection
	GlobalSection(ProjectConfigurationPlatforms) = postSolution
		{EA7CB9D7-98BF-4354-BE23-DA6246FECFA6}.Debug|Any CPU.ActiveCfg = Debug|Any CPU
		{EA7CB9D7-98BF-4354-BE23-DA6246FECFA6}.Debug|Any CPU.Build.0 = Debug|Any CPU
		{EA7CB9D7-98BF-4354-BE23-DA6246FECFA6}.Release|Any CPU.ActiveCfg = Release|Any CPU
		{EA7CB9D7-98BF-4354-BE23-DA6246FECFA6}.Release|Any CPU.Build.0 = Release|Any CPU
	EndGlobalSection
	GlobalSection(SolutionProperties) = preSolution
		HideSolutionNode = FALSE
	EndGlobalSection
	GlobalSection(ExtensibilityGlobals) = postSolution
		SolutionGuid = {DFB4F87C-2948-408E-AB45-E79838C35498}
	EndGlobalSection
EndGlobal
